{
  "name": "nodejs",
  "version": "1.0.0",
  "lockfileVersion": 3,
  "requires": true,
  "packages": {
    "": {
      "name": "nodejs",
      "version": "1.0.0",
      "license": "ISC",
      "dependencies": {
        "nlptoolkit-classification": "^1.0.7",
        "nlptoolkit-corpus": "^1.0.9",
        "nlptoolkit-datastructure": "^1.0.4",
        "nlptoolkit-deasciifier": "^1.0.4",
        "nlptoolkit-dependencyparser": "^1.0.3",
        "nlptoolkit-dictionary": "^1.0.9",
        "nlptoolkit-framenet": "^1.0.1",
        "nlptoolkit-morphologicalanalysis": "^1.0.9",
        "nlptoolkit-morphologicaldisambiguation": "^1.0.1",
        "nlptoolkit-namedentityrecognition": "^1.0.1",
        "nlptoolkit-ngram": "^1.0.2",
        "nlptoolkit-parsetree": "^1.0.2",
        "nlptoolkit-postagger": "^1.0.1",
        "nlptoolkit-propbank": "^1.0.3",
        "nlptoolkit-sentinet": "^1.0.1",
        "nlptoolkit-spellchecker": "^1.0.9",
        "nlptoolkit-syntacticparser": "^1.0.1",
        "nlptoolkit-universaldependencyparser": "^1.0.0",
        "nlptoolkit-wordnet": "^1.0.5",
        "nlptoolkit-xmlparser": "^1.0.4"
      },
      "devDependencies": {
        "ts-node": "^10.4.0",
        "typescript": "^4.4.4"
      }
    },
    "node_modules/@cspotcode/source-map-support": {
      "version": "0.8.1",
      "resolved": "https://registry.npmjs.org/@cspotcode/source-map-support/-/source-map-support-0.8.1.tgz",
      "integrity": "sha512-IchNf6dN4tHoMFIn/7OE8LWZ19Y6q/67Bmf6vnGREv8RSbBVb9LPJxEcnwrcwX6ixSvaiGoomAUvu4YSxXrVgw==",
      "dev": true,
      "dependencies": {
        "@jridgewell/trace-mapping": "0.3.9"
      },
      "engines": {
        "node": ">=12"
      }
    },
    "node_modules/@jridgewell/resolve-uri": {
      "version": "3.1.2",
      "resolved": "https://registry.npmjs.org/@jridgewell/resolve-uri/-/resolve-uri-3.1.2.tgz",
      "integrity": "sha512-bRISgCIjP20/tbWSPWMEi54QVPRZExkuD9lJL+UIxUKtwVJA8wW1Trb1jMs1RFXo1CBTNZ/5hpC9QvmKWdopKw==",
      "dev": true,
      "engines": {
        "node": ">=6.0.0"
      }
    },
    "node_modules/@jridgewell/sourcemap-codec": {
      "version": "1.5.0",
      "resolved": "https://registry.npmjs.org/@jridgewell/sourcemap-codec/-/sourcemap-codec-1.5.0.tgz",
      "integrity": "sha512-gv3ZRaISU3fjPAgNsriBRqGWQL6quFx04YMPW/zD8XMLsU32mhCCbfbO6KZFLjvYpCZ8zyDEgqsgf+PwPaM7GQ==",
      "dev": true
    },
    "node_modules/@jridgewell/trace-mapping": {
      "version": "0.3.9",
      "resolved": "https://registry.npmjs.org/@jridgewell/trace-mapping/-/trace-mapping-0.3.9.tgz",
      "integrity": "sha512-3Belt6tdc8bPgAtbcmdtNJlirVoTmEb5e2gC94PnkwEW9jI6CAHUeoG85tjWP5WquqfavoMtMwiG4P926ZKKuQ==",
      "dev": true,
      "dependencies": {
        "@jridgewell/resolve-uri": "^3.0.3",
        "@jridgewell/sourcemap-codec": "^1.4.10"
      }
    },
    "node_modules/@tsconfig/node10": {
      "version": "1.0.11",
      "resolved": "https://registry.npmjs.org/@tsconfig/node10/-/node10-1.0.11.tgz",
      "integrity": "sha512-DcRjDCujK/kCk/cUe8Xz8ZSpm8mS3mNNpta+jGCA6USEDfktlNvm1+IuZ9eTcDbNk41BHwpHHeW+N1lKCz4zOw==",
      "dev": true
    },
    "node_modules/@tsconfig/node12": {
      "version": "1.0.11",
      "resolved": "https://registry.npmjs.org/@tsconfig/node12/-/node12-1.0.11.tgz",
      "integrity": "sha512-cqefuRsh12pWyGsIoBKJA9luFu3mRxCA+ORZvA4ktLSzIuCUtWVxGIuXigEwO5/ywWFMZ2QEGKWvkZG1zDMTag==",
      "dev": true
    },
    "node_modules/@tsconfig/node14": {
      "version": "1.0.3",
      "resolved": "https://registry.npmjs.org/@tsconfig/node14/-/node14-1.0.3.tgz",
      "integrity": "sha512-ysT8mhdixWK6Hw3i1V2AeRqZ5WfXg1G43mqoYlM2nc6388Fq5jcXyr5mRsqViLx/GJYdoL0bfXD8nmF+Zn/Iow==",
      "dev": true
    },
    "node_modules/@tsconfig/node16": {
      "version": "1.0.4",
      "resolved": "https://registry.npmjs.org/@tsconfig/node16/-/node16-1.0.4.tgz",
      "integrity": "sha512-vxhUy4J8lyeyinH7Azl1pdd43GJhZH/tP2weN8TntQblOY+A0XbT8DJk1/oCPuOOyg/Ja757rG0CgHcWC8OfMA==",
      "dev": true
    },
    "node_modules/@types/node": {
      "version": "22.7.7",
      "resolved": "https://registry.npmjs.org/@types/node/-/node-22.7.7.tgz",
      "integrity": "sha512-SRxCrrg9CL/y54aiMCG3edPKdprgMVGDXjA3gB8UmmBW5TcXzRUYAh8EWzTnSJFAd1rgImPELza+A3bJ+qxz8Q==",
      "dev": true,
      "peer": true,
      "dependencies": {
        "undici-types": "~6.19.2"
      }
    },
    "node_modules/acorn": {
      "version": "8.13.0",
      "resolved": "https://registry.npmjs.org/acorn/-/acorn-8.13.0.tgz",
      "integrity": "sha512-8zSiw54Oxrdym50NlZ9sUusyO1Z1ZchgRLWRaK6c86XJFClyCgFKetdowBg5bKxyp/u+CDBJG4Mpp0m3HLZl9w==",
      "dev": true,
      "bin": {
        "acorn": "bin/acorn"
      },
      "engines": {
        "node": ">=0.4.0"
      }
    },
    "node_modules/acorn-walk": {
      "version": "8.3.4",
      "resolved": "https://registry.npmjs.org/acorn-walk/-/acorn-walk-8.3.4.tgz",
      "integrity": "sha512-ueEepnujpqee2o5aIYnvHU6C0A42MNdsIDeqy5BydrkuC5R1ZuUFnm27EeFJGoEHJQgn3uleRvmTXaJgfXbt4g==",
      "dev": true,
      "dependencies": {
        "acorn": "^8.11.0"
      },
      "engines": {
        "node": ">=0.4.0"
      }
    },
    "node_modules/arg": {
      "version": "4.1.3",
      "resolved": "https://registry.npmjs.org/arg/-/arg-4.1.3.tgz",
      "integrity": "sha512-58S9QDqG0Xx27YwPSt9fJxivjYl432YCwfDMfZ+71RAqUrZef7LrKQZ3LHLOwCS4FLNBplP533Zx895SeOCHvA==",
      "dev": true
    },
    "node_modules/create-require": {
      "version": "1.1.1",
      "resolved": "https://registry.npmjs.org/create-require/-/create-require-1.1.1.tgz",
      "integrity": "sha512-dcKFX3jn0MpIaXjisoRvexIJVEKzaq7z2rZKxf+MSr9TkdmHmsU4m2lcLojrj/FHl8mk5VxMmYA+ftRkP/3oKQ==",
      "dev": true
    },
    "node_modules/diff": {
      "version": "4.0.2",
      "resolved": "https://registry.npmjs.org/diff/-/diff-4.0.2.tgz",
      "integrity": "sha512-58lmxKSA4BNyLz+HHMUzlOEpg09FV+ev6ZMe3vJihgdxzgcwZ8VoEEPmALCZG9LmqfVoNMMKpttIYTVG6uDY7A==",
      "dev": true,
      "engines": {
        "node": ">=0.3.1"
      }
    },
    "node_modules/make-error": {
      "version": "1.3.6",
      "resolved": "https://registry.npmjs.org/make-error/-/make-error-1.3.6.tgz",
      "integrity": "sha512-s8UhlNe7vPKomQhC1qFelMokr/Sc3AgNbso3n74mVPA5LTZwkB9NlXf4XPamLxJE8h0gh73rM94xvwRT2CVInw==",
      "dev": true
    },
    "node_modules/nlptoolkit-classification": {
      "version": "1.0.7",
      "resolved": "https://registry.npmjs.org/nlptoolkit-classification/-/nlptoolkit-classification-1.0.7.tgz",
      "integrity": "sha512-rehNVaat8JQdyj0Lqxouu+dhcA6f63S738a6G9b12+Sp2GGyC4UNPFBz8RUI4InYA5esY5OpwgULhG1TD/ptDg==",
      "dependencies": {
        "nlptoolkit-datastructure": "^1.0.4",
        "nlptoolkit-math": "^1.0.3",
        "nlptoolkit-sampling": "^1.0.2",
        "nlptoolkit-util": "^1.0.8"
      }
    },
    "node_modules/nlptoolkit-corpus": {
      "version": "1.0.9",
      "resolved": "https://registry.npmjs.org/nlptoolkit-corpus/-/nlptoolkit-corpus-1.0.9.tgz",
      "integrity": "sha512-OdhXZM4J5EH5VDKfzuGv5kN5szZ7vtoS+vuC6AYy1rroOOY1cxTaO1MsX19fQdYO3xz+mz33Ywmo+JCB3nConQ==",
      "dependencies": {
        "nlptoolkit-datastructure": "^1.0.4",
        "nlptoolkit-dictionary": "^1.0.9",
        "nlptoolkit-util": "^1.0.5"
      }
    },
    "node_modules/nlptoolkit-datastructure": {
      "version": "1.0.7",
      "resolved": "https://registry.npmjs.org/nlptoolkit-datastructure/-/nlptoolkit-datastructure-1.0.7.tgz",
      "integrity": "sha512-0B6cra7RHlvTBHCMSqHeGKkhj7ZoAX+eQrDDkRAuB+h9VD4CvQ8Qtz+TaGhC8QXm1/46XUjLFKnFNgzO8OQJXQ=="
    },
    "node_modules/nlptoolkit-deasciifier": {
      "version": "1.0.4",
      "resolved": "https://registry.npmjs.org/nlptoolkit-deasciifier/-/nlptoolkit-deasciifier-1.0.4.tgz",
      "integrity": "sha512-8ZzQCEm2kG2aNSVWcEq4JtTfzobrvHazCogNCzcEVXfRkCmhxPtiP4JMLcnAwMaA7bjN5YIbUIqYU17LoHBn9Q==",
      "dependencies": {
        "nlptoolkit-corpus": "^1.0.9",
        "nlptoolkit-datastructure": "^1.0.4",
        "nlptoolkit-dictionary": "^1.0.9",
        "nlptoolkit-morphologicalanalysis": "^1.0.9",
        "nlptoolkit-ngram": "^1.0.2",
        "nlptoolkit-xmlparser": "^1.0.4"
      }
    },
    "node_modules/nlptoolkit-dependencyparser": {
      "version": "1.0.8",
      "resolved": "https://registry.npmjs.org/nlptoolkit-dependencyparser/-/nlptoolkit-dependencyparser-1.0.8.tgz",
      "integrity": "sha512-80DI9igZK8JJzDRmif9/EGE1ORuc0uqpztq+HaYra0h2rGKnRodi4Kc9Yft++dVbij/2nXaLKN5VW/4CKwUMlg==",
      "dependencies": {
        "nlptoolkit-corpus": "^1.0.9",
        "nlptoolkit-datastructure": "^1.0.4",
        "nlptoolkit-dictionary": "^1.0.9",
        "nlptoolkit-morphologicalanalysis": "^1.0.9",
        "nlptoolkit-xmlparser": "^1.0.4"
      }
    },
    "node_modules/nlptoolkit-dictionary": {
      "version": "1.0.12",
      "resolved": "https://registry.npmjs.org/nlptoolkit-dictionary/-/nlptoolkit-dictionary-1.0.12.tgz",
      "integrity": "sha512-6pvj4pJd3MN24Cf/F7aKi8ob9to9O8A5A39VAjimHnEoc/Q0bl7DCl2S7eU4leMQfzc4WZcK4KAnmtiy3qqwWg==",
      "dependencies": {
        "nlptoolkit-math": "^1.0.2",
        "nlptoolkit-util": "^1.0.10"
      }
    },
    "node_modules/nlptoolkit-framenet": {
      "version": "1.0.1",
      "resolved": "https://registry.npmjs.org/nlptoolkit-framenet/-/nlptoolkit-framenet-1.0.1.tgz",
      "integrity": "sha512-Hf1STp12R0FMDb8Aed7dvnkFzVUoOZCYiWDkL7YYGt9+jc/KXWa6FZuxfqA4m82jjVI7W7mf17fS/7GjdApZWA==",
      "dependencies": {
        "nlptoolkit-xmlparser": "^1.0.4"
      }
    },
    "node_modules/nlptoolkit-hmm": {
      "version": "1.0.1",
      "resolved": "https://registry.npmjs.org/nlptoolkit-hmm/-/nlptoolkit-hmm-1.0.1.tgz",
      "integrity": "sha512-eNYxIEvcgIE/D+Qqt6sDotDRWmLLimt2oR8cHDr62/SEniAufJ7Cm69V57UJPbHT/n8guDDKqJP6+LMc2oOyXg==",
      "dependencies": {
        "nlptoolkit-datastructure": "^1.0.4",
        "nlptoolkit-math": "^1.0.2"
      }
    },
    "node_modules/nlptoolkit-math": {
      "version": "1.0.3",
      "resolved": "https://registry.npmjs.org/nlptoolkit-math/-/nlptoolkit-math-1.0.3.tgz",
      "integrity": "sha512-XoqhSTjnemAzh24mr/peR8lpdkn+9KhXmyLJk4lml481tMHQT9FtE0lrk2OKrD8XUCbYiHyTklRlrqDnQtnkdA==",
      "dependencies": {
        "nlptoolkit-util": "^1.0.5"
      }
    },
    "node_modules/nlptoolkit-morphologicalanalysis": {
      "version": "1.0.14",
      "resolved": "https://registry.npmjs.org/nlptoolkit-morphologicalanalysis/-/nlptoolkit-morphologicalanalysis-1.0.14.tgz",
      "integrity": "sha512-JJalq5l3UCAwx6Fh9WgIUptcNn+tcloHvLg6aRVPU9p5HXYAJ5gsaxkw+DbBy4KkwtdV6AU9rQL9FXiggJqSdQ==",
      "dependencies": {
        "nlptoolkit-corpus": "^1.0.9",
        "nlptoolkit-datastructure": "^1.0.7",
        "nlptoolkit-dictionary": "^1.0.9",
        "nlptoolkit-ngram": "^1.0.2",
        "nlptoolkit-xmlparser": "^1.0.4"
      }
    },
    "node_modules/nlptoolkit-morphologicaldisambiguation": {
      "version": "1.0.1",
      "resolved": "https://registry.npmjs.org/nlptoolkit-morphologicaldisambiguation/-/nlptoolkit-morphologicaldisambiguation-1.0.1.tgz",
      "integrity": "sha512-Ld4LtlkH85E/prEX16os/UL8gg1pHQU7D+9OP5E+n/FkkAwg9ULJFj7mSnqL5h5FhdaQo7DPhIRKpZoDhMRXYg==",
      "dependencies": {
        "nlptoolkit-corpus": "^1.0.9",
        "nlptoolkit-datastructure": "^1.0.4",
        "nlptoolkit-dictionary": "^1.0.9",
        "nlptoolkit-morphologicalanalysis": "^1.0.9",
        "nlptoolkit-ngram": "^1.0.2"
      }
    },
    "node_modules/nlptoolkit-namedentityrecognition": {
      "version": "1.0.1",
      "resolved": "https://registry.npmjs.org/nlptoolkit-namedentityrecognition/-/nlptoolkit-namedentityrecognition-1.0.1.tgz",
      "integrity": "sha512-v8T3/xNDurQSoHTqKy6RlYX5iOvsF1rXFCpDPaR5qIQrNcmQJAKN667xEA+0fmyavKIPaEXwkhZY90rKQ1Z8aQ==",
      "dependencies": {
        "nlptoolkit-corpus": "^1.0.9",
        "nlptoolkit-datastructure": "^1.0.4",
        "nlptoolkit-dictionary": "^1.0.9"
      }
    },
    "node_modules/nlptoolkit-ngram": {
      "version": "1.0.3",
      "resolved": "https://registry.npmjs.org/nlptoolkit-ngram/-/nlptoolkit-ngram-1.0.3.tgz",
      "integrity": "sha512-PdoIV/KFX9oyrQ0kpUnFehKpNVWNSiSNRa1DWnzFnUb+kHnSYXnJJDaeqrEZaq7L1JXwas0hqXYzAdUylDExvQ==",
      "dependencies": {
        "nlptoolkit-datastructure": "^1.0.4",
        "nlptoolkit-math": "^1.0.2",
        "nlptoolkit-sampling": "^1.0.2",
        "nlptoolkit-util": "^1.0.9"
      }
    },
    "node_modules/nlptoolkit-parsetree": {
      "version": "1.0.4",
      "resolved": "https://registry.npmjs.org/nlptoolkit-parsetree/-/nlptoolkit-parsetree-1.0.4.tgz",
      "integrity": "sha512-oSIIgDe6UIx5w85zn5ypDtzzuIEmhR5H5CGxKTTNxGcXRxZALyDdrUfaOCIUyM03t2w04gKdD6+83gOamXnUew==",
      "dependencies": {
        "nlptoolkit-dictionary": "^1.0.9"
      }
    },
    "node_modules/nlptoolkit-postagger": {
      "version": "1.0.1",
      "resolved": "https://registry.npmjs.org/nlptoolkit-postagger/-/nlptoolkit-postagger-1.0.1.tgz",
      "integrity": "sha512-GtwcdWW63r8+LMWkMMLADvDIhoHvxGqDkmrXuL1whesxXUVa03MrHXzKPIxHL/Y80rnUJUC72kmDG/BvzsrAsw==",
      "dependencies": {
        "nlptoolkit-corpus": "^1.0.9",
        "nlptoolkit-datastructure": "^1.0.4",
        "nlptoolkit-dictionary": "^1.0.9",
        "nlptoolkit-hmm": "^1.0.1",
        "nlptoolkit-math": "^1.0.2"
      }
    },
    "node_modules/nlptoolkit-propbank": {
      "version": "1.0.3",
      "resolved": "https://registry.npmjs.org/nlptoolkit-propbank/-/nlptoolkit-propbank-1.0.3.tgz",
      "integrity": "sha512-wfepLCc7oKJp4WmKcCLVBd1TUVMJd7MEhMvJ6Dr9OecyPM7+1lXshdTY3P/vmvLp1muJDrOa2lVOC2TQdBDrKw==",
      "dependencies": {
        "nlptoolkit-xmlparser": "^1.0.4"
      }
    },
    "node_modules/nlptoolkit-sampling": {
      "version": "1.0.2",
      "resolved": "https://registry.npmjs.org/nlptoolkit-sampling/-/nlptoolkit-sampling-1.0.2.tgz",
      "integrity": "sha512-qFwiIr3EPvLSk6oxJPLsUtuMdz3MeeQ/xrt/YaCVF2ZbqcSfVHYEZaQCeluATmsTxG9R0UaTZdL3lQR3qBWLlg==",
      "dependencies": {
        "nlptoolkit-util": "^1.0.5"
      }
    },
    "node_modules/nlptoolkit-sentinet": {
      "version": "1.0.1",
      "resolved": "https://registry.npmjs.org/nlptoolkit-sentinet/-/nlptoolkit-sentinet-1.0.1.tgz",
      "integrity": "sha512-ySBiJRMDjYKTTcLpn8cKT+pq4vbT97mf+DN+oTXxkcjC5DV2i371np8nyRDFuAiWHbVvWlWDUsFYwMDo2ooD5g==",
      "dependencies": {
        "nlptoolkit-xmlparser": "^1.0.4"
      }
    },
    "node_modules/nlptoolkit-spellchecker": {
      "version": "1.0.9",
      "resolved": "https://registry.npmjs.org/nlptoolkit-spellchecker/-/nlptoolkit-spellchecker-1.0.9.tgz",
      "integrity": "sha512-ZaE0ZGDY+6baV/oFrsI/QlPvtsmg8PTuN5Z3VbJ18pL/oRLEUTcsmqzsQ5//8+/JdS51zPxZWAEBipqXpU/uSA==",
      "dependencies": {
        "nlptoolkit-corpus": "^1.0.9",
        "nlptoolkit-datastructure": "^1.0.6",
        "nlptoolkit-dictionary": "^1.0.11",
        "nlptoolkit-morphologicalanalysis": "^1.0.11",
        "nlptoolkit-ngram": "^1.0.2",
        "nlptoolkit-xmlparser": "^1.0.4"
      }
    },
    "node_modules/nlptoolkit-syntacticparser": {
      "version": "1.0.1",
      "resolved": "https://registry.npmjs.org/nlptoolkit-syntacticparser/-/nlptoolkit-syntacticparser-1.0.1.tgz",
      "integrity": "sha512-SEvAOdSiv73uo30v03BO6LaS11fjN6LzbqLJeT7UtwOQSz5l7WnEStXaSeKe9u2OzbfMz1VOuoZm1l58evd8CQ==",
      "dependencies": {
        "nlptoolkit-corpus": "^1.0.9",
        "nlptoolkit-datastructure": "^1.0.7",
        "nlptoolkit-dictionary": "^1.0.11",
        "nlptoolkit-parsetree": "^1.0.4"
      }
    },
    "node_modules/nlptoolkit-universaldependencyparser": {
      "version": "1.0.0",
      "resolved": "https://registry.npmjs.org/nlptoolkit-universaldependencyparser/-/nlptoolkit-universaldependencyparser-1.0.0.tgz",
      "integrity": "sha512-DpnHrO1M/EL3dExNridJ1HIgtik7zOnLCb1+4RJc7Z7PeD4TNj4e8CmawXpJaGfYxYc4KxL9eArffgBFBTeQrw==",
      "dependencies": {
        "nlptoolkit-classification": "^1.0.7",
        "nlptoolkit-dependencyparser": "^1.0.8"
      }
    },
    "node_modules/nlptoolkit-util": {
      "version": "1.0.10",
      "resolved": "https://registry.npmjs.org/nlptoolkit-util/-/nlptoolkit-util-1.0.10.tgz",
      "integrity": "sha512-/AjzHlogLBfrgrmWj+8poG589NOsBI68NxpUhUst2Kg0j0PfECm12hQ/YRIkDF93aOH0YcJzW820LfWqg2VY2Q=="
    },
    "node_modules/nlptoolkit-wordnet": {
      "version": "1.0.5",
      "resolved": "https://registry.npmjs.org/nlptoolkit-wordnet/-/nlptoolkit-wordnet-1.0.5.tgz",
      "integrity": "sha512-vRKJWAdz65nVAcTXhhKtL0n/rVhXEXuglOmPmLlm3HYsaZWtE/Xd6IRHjrKEZmyO9mkKmrb7P3TtLXVr6U2AAw==",
      "dependencies": {
        "nlptoolkit-corpus": "^1.0.9",
        "nlptoolkit-dictionary": "^1.0.9",
        "nlptoolkit-morphologicalanalysis": "^1.0.9",
        "nlptoolkit-xmlparser": "^1.0.4"
      }
    },
    "node_modules/nlptoolkit-xmlparser": {
      "version": "1.0.4",
      "resolved": "https://registry.npmjs.org/nlptoolkit-xmlparser/-/nlptoolkit-xmlparser-1.0.4.tgz",
      "integrity": "sha512-oZn8uHRKnnajfq7/NLPzeYucb3p4oISEyArBxg7hEYv9+/UHGjwLGGk071f46YAQClENMelcxBfv/SOz4uoNXw=="
    },
    "node_modules/ts-node": {
      "version": "10.9.2",
      "resolved": "https://registry.npmjs.org/ts-node/-/ts-node-10.9.2.tgz",
      "integrity": "sha512-f0FFpIdcHgn8zcPSbf1dRevwt047YMnaiJM3u2w2RewrB+fob/zePZcrOyQoLMMO7aBIddLcQIEK5dYjkLnGrQ==",
      "dev": true,
      "dependencies": {
        "@cspotcode/source-map-support": "^0.8.0",
        "@tsconfig/node10": "^1.0.7",
        "@tsconfig/node12": "^1.0.7",
        "@tsconfig/node14": "^1.0.0",
        "@tsconfig/node16": "^1.0.2",
        "acorn": "^8.4.1",
        "acorn-walk": "^8.1.1",
        "arg": "^4.1.0",
        "create-require": "^1.1.0",
        "diff": "^4.0.1",
        "make-error": "^1.1.1",
        "v8-compile-cache-lib": "^3.0.1",
        "yn": "3.1.1"
      },
      "bin": {
        "ts-node": "dist/bin.js",
        "ts-node-cwd": "dist/bin-cwd.js",
        "ts-node-esm": "dist/bin-esm.js",
        "ts-node-script": "dist/bin-script.js",
        "ts-node-transpile-only": "dist/bin-transpile.js",
        "ts-script": "dist/bin-script-deprecated.js"
      },
      "peerDependencies": {
        "@swc/core": ">=1.2.50",
        "@swc/wasm": ">=1.2.50",
        "@types/node": "*",
        "typescript": ">=2.7"
      },
      "peerDependenciesMeta": {
        "@swc/core": {
          "optional": true
        },
        "@swc/wasm": {
          "optional": true
        }
      }
    },
    "node_modules/typescript": {
      "version": "4.9.5",
      "resolved": "https://registry.npmjs.org/typescript/-/typescript-4.9.5.tgz",
      "integrity": "sha512-1FXk9E2Hm+QzZQ7z+McJiHL4NW1F2EzMu9Nq9i3zAaGqibafqYwCVU6WyWAuyQRRzOlxou8xZSyXLEN8oKj24g==",
      "dev": true,
      "bin": {
        "tsc": "bin/tsc",
        "tsserver": "bin/tsserver"
      },
      "engines": {
        "node": ">=4.2.0"
      }
    },
    "node_modules/undici-types": {
      "version": "6.19.8",
      "resolved": "https://registry.npmjs.org/undici-types/-/undici-types-6.19.8.tgz",
      "integrity": "sha512-ve2KP6f/JnbPBFyobGHuerC9g1FYGn/F8n1LWTwNxCEzd6IfqTwUQcNXgEtmmQ6DlRrC1hrSrBnCZPokRrDHjw==",
      "dev": true,
      "peer": true
    },
    "node_modules/v8-compile-cache-lib": {
      "version": "3.0.1",
      "resolved": "https://registry.npmjs.org/v8-compile-cache-lib/-/v8-compile-cache-lib-3.0.1.tgz",
      "integrity": "sha512-wa7YjyUGfNZngI/vtK0UHAN+lgDCxBPCylVXGp0zu59Fz5aiGtNXaq3DhIov063MorB+VfufLh3JlF2KdTK3xg==",
      "dev": true
    },
    "node_modules/yn": {
      "version": "3.1.1",
      "resolved": "https://registry.npmjs.org/yn/-/yn-3.1.1.tgz",
      "integrity": "sha512-Ux4ygGWsu2c7isFWe8Yu1YluJmqVhxqK2cLXNQA5AcC3QfbGNpM7fu0Y8b/z16pXLnFxZYvWhd3fhBY9DLmC6Q==",
      "dev": true,
      "engines": {
        "node": ">=6"
      }
    }
  }
}
